
Microsoft Visual Studio Solution File, Format Version 12.00
# Visual Studio 2012
Project("{FAE04EC0-301F-11D3-BF4B-00C04F79EFBC}") = "GetWindowsStoreApps", "GetWindowsStoreApps.csproj", "{D962B874-B64C-4D03-ADDE-9B0D50336D47}"
EndProject
Global
	GlobalSection(SolutionConfigurationPlatforms) = preSolution
		Debug|Any CPU = Debug|Any CPU
		Release|Any CPU = Release|Any CPU
	EndGlobalSection
	GlobalSection(ProjectConfigurationPlatforms) = postSolution
		{D962B874-B64C-4D03-ADDE-9B0D50336D47}.Debug|Any CPU.ActiveCfg = Debug|Any CPU
		{D962B874-B64C-4D03-ADDE-9B0D50336D47}.Debug|Any CPU.Build.0 = Debug|Any CPU
		{D962B874-B64C-4D03-ADDE-9B0D50336D47}.Release|Any CPU.ActiveCfg = Release|Any CPU
		{D962B874-B64C-4D03-ADDE-9B0D50336D47}.Release|Any CPU.Build.0 = Release|Any CPU
	EndGlobalSection
	GlobalSection(SolutionProperties) = preSolution
		HideSolutionNode = FALSE
	EndGlobalSection
EndGlobal
